<?xml version="1.0" encoding="utf-8"?>
<Project ToolsVersion="4.0" xmlns="http://schemas.microsoft.com/developer/msbuild/2003">
  <ItemGroup>
    <Filter Include="Source Files">
      <UniqueIdentifier>{4FC737F1-C7A5-4376-A066-2A32D752A2FF}</UniqueIdentifier>
      <Extensions>cpp;c;cc;cxx;def;odl;idl;hpj;bat;asm;asmx</Extensions>
    </Filter>
    <Filter Include="Header Files">
      <UniqueIdentifier>{93995380-89BD-4b04-88EB-625FBE52EBFB}</UniqueIdentifier>
      <Extensions>h;hh;hpp;hxx;hm;inl;inc;xsd</Extensions>
    </Filter>
    <Filter Include="Resource Files">
      <UniqueIdentifier>{67DA6AB6-F800-4c08-8B7A-83BB121AAD01}</UniqueIdentifier>
      <Extensions>rc;ico;cur;bmp;dlg;rc2;rct;bin;rgs;gif;jpg;jpeg;jpe;resx;tiff;tif;png;wav;mfcribbon-ms</Extensions>
    </Filter>
    <Filter Include="libs">
      <UniqueIdentifier>{cfb1c293-ac6c-462f-8f92-87537b9b1e3c}</UniqueIdentifier>
    </Filter>
    <Filter Include="libs\MyMath">
      <UniqueIdentifier>{a929edfd-6230-4b9e-a508-a835f2a4ac45}</UniqueIdentifier>
    </Filter>
    <Filter Include="libs\MyLib">
      <UniqueIdentifier>{d42f28da-50b3-432a-953e-0bdc8cc083b9}</UniqueIdentifier>
    </Filter>
  </ItemGroup>
  <ItemGroup>
    <Text Include="project\input.txt" />
    <Text Include="project\output.txt" />
    <Text Include="project\checker_verdict.txt" />
    <Text Include="project\debug_output.txt" />
    <Text Include="project\random_test_generator.txt" />
    <Text Include="project\tmp_input.txt" />
  </ItemGroup>
  <ItemGroup>
    <ClCompile Include="main.cpp">
      <Filter>Source Files</Filter>
    </ClCompile>
    <ClCompile Include="random_test_generator.cpp">
      <Filter>Source Files</Filter>
    </ClCompile>
    <ClCompile Include="libs\MyMath\IteratorBase.cpp">
      <Filter>libs\MyMath</Filter>
    </ClCompile>
    <ClCompile Include="libs\MyMath\Iterators.cpp">
      <Filter>libs\MyMath</Filter>
    </ClCompile>
    <ClCompile Include="libs\MyMath\Matrix.cpp">
      <Filter>libs\MyMath</Filter>
    </ClCompile>
  </ItemGroup>
  <ItemGroup>
    <ClInclude Include="multiproject.h">
      <Filter>Header Files</Filter>
    </ClInclude>
    <ClInclude Include="random_test_generator.h">
      <Filter>Header Files</Filter>
    </ClInclude>
    <ClInclude Include="tools.h">
      <Filter>Header Files</Filter>
    </ClInclude>
    <ClInclude Include="libs\network.h">
      <Filter>libs</Filter>
    </ClInclude>
    <ClInclude Include="libs\PolStr.h">
      <Filter>libs</Filter>
    </ClInclude>
    <ClInclude Include="libs\MyMath.h">
      <Filter>libs</Filter>
    </ClInclude>
    <ClInclude Include="libs\MyMath\experimental.hpp">
      <Filter>libs</Filter>
    </ClInclude>
    <ClInclude Include="project\config_project.h">
      <Filter>Header Files</Filter>
    </ClInclude>
    <ClInclude Include="project\main.h">
      <Filter>Header Files</Filter>
    </ClInclude>
    <ClInclude Include="project\checker.h">
      <Filter>Header Files</Filter>
    </ClInclude>
    <ClInclude Include="libs\MyMath\IteratorBase.h">
      <Filter>libs\MyMath</Filter>
    </ClInclude>
    <ClInclude Include="libs\MyMath\Iterators.h">
      <Filter>libs\MyMath</Filter>
    </ClInclude>
    <ClInclude Include="libs\MyMath\Matrix.h">
      <Filter>libs\MyMath</Filter>
    </ClInclude>
    <ClInclude Include="libs\MyLib\MultiorderedSet.hpp">
      <Filter>libs\MyLib</Filter>
    </ClInclude>
    <ClInclude Include="libs\MyLib\TableStorage.hpp">
      <Filter>libs\MyLib</Filter>
    </ClInclude>
    <ClInclude Include="libs\MyLib\Variant.hpp">
      <Filter>libs\MyLib</Filter>
    </ClInclude>
  </ItemGroup>
  <ItemGroup>
    <Object Include="libs\PolStr.obj">
      <Filter>libs</Filter>
    </Object>
  </ItemGroup>
  <ItemGroup>
    <None Include="project\sample.in" />
    <None Include="project\sample.out" />
  </ItemGroup>
</Project>